
Microsoft Visual Studio Solution File, Format Version 12.00
Project("{FAE04EC0-301F-11D3-BF4B-00C04F79EFBC}") = "OutfitApp.API", "OutfitApp.API\OutfitApp.API.csproj", "{C17A445F-C9B8-4AAF-B8D9-2E364DC00CAC}"
EndProject
Project("{FAE04EC0-301F-11D3-BF4B-00C04F79EFBC}") = "OutfitApp.Core", "OutfitApp.Core\OutfitApp.Core.csproj", "{1EB5AC2D-E137-46E3-A873-3D83423D2A51}"
EndProject
Project("{FAE04EC0-301F-11D3-BF4B-00C04F79EFBC}") = "OutfitApp.Infrastructure", "OutfitApp.Infrastructure\OutfitApp.Infrastructure.csproj", "{3E34ED99-46B4-43F2-A9F9-4BB92FA7469A}"
EndProject
Global
	GlobalSection(SolutionConfigurationPlatforms) = preSolution
		Debug|Any CPU = Debug|Any CPU
		Debug|x64 = Debug|x64
		Debug|x86 = Debug|x86
		Release|Any CPU = Release|Any CPU
		Release|x64 = Release|x64
		Release|x86 = Release|x86
	EndGlobalSection
	GlobalSection(ProjectConfigurationPlatforms) = postSolution
		{C17A445F-C9B8-4AAF-B8D9-2E364DC00CAC}.Debug|Any CPU.ActiveCfg = Debug|Any CPU
		{C17A445F-C9B8-4AAF-B8D9-2E364DC00CAC}.Debug|Any CPU.Build.0 = Debug|Any CPU
		{C17A445F-C9B8-4AAF-B8D9-2E364DC00CAC}.Debug|x64.ActiveCfg = Debug|Any CPU
		{C17A445F-C9B8-4AAF-B8D9-2E364DC00CAC}.Debug|x64.Build.0 = Debug|Any CPU
		{C17A445F-C9B8-4AAF-B8D9-2E364DC00CAC}.Debug|x86.ActiveCfg = Debug|Any CPU
		{C17A445F-C9B8-4AAF-B8D9-2E364DC00CAC}.Debug|x86.Build.0 = Debug|Any CPU
		{C17A445F-C9B8-4AAF-B8D9-2E364DC00CAC}.Release|Any CPU.ActiveCfg = Release|Any CPU
		{C17A445F-C9B8-4AAF-B8D9-2E364DC00CAC}.Release|Any CPU.Build.0 = Release|Any CPU
		{C17A445F-C9B8-4AAF-B8D9-2E364DC00CAC}.Release|x64.ActiveCfg = Release|Any CPU
		{C17A445F-C9B8-4AAF-B8D9-2E364DC00CAC}.Release|x64.Build.0 = Release|Any CPU
		{C17A445F-C9B8-4AAF-B8D9-2E364DC00CAC}.Release|x86.ActiveCfg = Release|Any CPU
		{C17A445F-C9B8-4AAF-B8D9-2E364DC00CAC}.Release|x86.Build.0 = Release|Any CPU
		{1EB5AC2D-E137-46E3-A873-3D83423D2A51}.Debug|Any CPU.ActiveCfg = Debug|Any CPU
		{1EB5AC2D-E137-46E3-A873-3D83423D2A51}.Debug|Any CPU.Build.0 = Debug|Any CPU
		{1EB5AC2D-E137-46E3-A873-3D83423D2A51}.Debug|x64.ActiveCfg = Debug|Any CPU
		{1EB5AC2D-E137-46E3-A873-3D83423D2A51}.Debug|x64.Build.0 = Debug|Any CPU
		{1EB5AC2D-E137-46E3-A873-3D83423D2A51}.Debug|x86.ActiveCfg = Debug|Any CPU
		{1EB5AC2D-E137-46E3-A873-3D83423D2A51}.Debug|x86.Build.0 = Debug|Any CPU
		{1EB5AC2D-E137-46E3-A873-3D83423D2A51}.Release|Any CPU.ActiveCfg = Release|Any CPU
		{1EB5AC2D-E137-46E3-A873-3D83423D2A51}.Release|Any CPU.Build.0 = Release|Any CPU
		{1EB5AC2D-E137-46E3-A873-3D83423D2A51}.Release|x64.ActiveCfg = Release|Any CPU
		{1EB5AC2D-E137-46E3-A873-3D83423D2A51}.Release|x64.Build.0 = Release|Any CPU
		{1EB5AC2D-E137-46E3-A873-3D83423D2A51}.Release|x86.ActiveCfg = Release|Any CPU
		{1EB5AC2D-E137-46E3-A873-3D83423D2A51}.Release|x86.Build.0 = Release|Any CPU
		{3E34ED99-46B4-43F2-A9F9-4BB92FA7469A}.Debug|Any CPU.ActiveCfg = Debug|Any CPU
		{3E34ED99-46B4-43F2-A9F9-4BB92FA7469A}.Debug|Any CPU.Build.0 = Debug|Any CPU
		{3E34ED99-46B4-43F2-A9F9-4BB92FA7469A}.Debug|x64.ActiveCfg = Debug|Any CPU
		{3E34ED99-46B4-43F2-A9F9-4BB92FA7469A}.Debug|x64.Build.0 = Debug|Any CPU
		{3E34ED99-46B4-43F2-A9F9-4BB92FA7469A}.Debug|x86.ActiveCfg = Debug|Any CPU
		{3E34ED99-46B4-43F2-A9F9-4BB92FA7469A}.Debug|x86.Build.0 = Debug|Any CPU
		{3E34ED99-46B4-43F2-A9F9-4BB92FA7469A}.Release|Any CPU.ActiveCfg = Release|Any CPU
		{3E34ED99-46B4-43F2-A9F9-4BB92FA7469A}.Release|Any CPU.Build.0 = Release|Any CPU
		{3E34ED99-46B4-43F2-A9F9-4BB92FA7469A}.Release|x64.ActiveCfg = Release|Any CPU
		{3E34ED99-46B4-43F2-A9F9-4BB92FA7469A}.Release|x64.Build.0 = Release|Any CPU
		{3E34ED99-46B4-43F2-A9F9-4BB92FA7469A}.Release|x86.ActiveCfg = Release|Any CPU
		{3E34ED99-46B4-43F2-A9F9-4BB92FA7469A}.Release|x86.Build.0 = Release|Any CPU
	EndGlobalSection
	GlobalSection(SolutionProperties) = preSolution
		HideSolutionNode = FALSE
	EndGlobalSection
EndGlobal
